
Microsoft Visual Studio Solution File, Format Version 12.00
# Visual Studio 2012
Project("{FAE04EC0-301F-11D3-BF4B-00C04F79EFBC}") = "AdrianRossing.Ui", "src\AdrianRossing.Ui\AdrianRossing.Ui.csproj", "{0F3A896C-86A4-4F68-BB48-7EC7E6EF0492}"
EndProject
Project("{2150E333-8FDC-42A3-9474-1A3956D46DE8}") = "src", "src", "{4EFCADA3-3CFC-4378-AE6C-0D0B09D7F9CD}"
EndProject
Project("{2150E333-8FDC-42A3-9474-1A3956D46DE8}") = "tests", "tests", "{D00A9F26-7D20-40A6-8463-A68309B38FEA}"
EndProject
Project("{FAE04EC0-301F-11D3-BF4B-00C04F79EFBC}") = "AdrianRossing.Ui.AutomatedAcceptanceTests", "tests\AdrianRossing.Ui.AutomatedAcceptanceTests\AdrianRossing.Ui.AutomatedAcceptanceTests.csproj", "{B13A4363-BFA6-4009-9C71-86BE5C275E5B}"
EndProject
Project("{FAE04EC0-301F-11D3-BF4B-00C04F79EFBC}") = "AdrianRossing.Ui.Repositories", "src\AdrianRossing.Ui.Repositories\AdrianRossing.Ui.Repositories\AdrianRossing.Ui.Repositories.csproj", "{B466EEFD-0B36-41E9-88FF-A8AF5CA5A178}"
EndProject
Project("{FAE04EC0-301F-11D3-BF4B-00C04F79EFBC}") = "AdrianRossing.Ui.Models", "src\AdrianRossing.Ui.Models\AdrianRossing.Ui.Models\AdrianRossing.Ui.Models.csproj", "{D5A9A48C-A0C7-4CEB-95B2-01BBC3F29089}"
EndProject
Project("{FAE04EC0-301F-11D3-BF4B-00C04F79EFBC}") = "AdrianRossing.Ui.Controllers", "src\AdrianRossing.Ui.Controllers\AdrianRossing.Ui.Controllers\AdrianRossing.Ui.Controllers.csproj", "{7F0A7DAF-BDE9-453B-B6D5-512C060BB0F5}"
EndProject
Global
	GlobalSection(SolutionConfigurationPlatforms) = preSolution
		Debug|Any CPU = Debug|Any CPU
		Release|Any CPU = Release|Any CPU
	EndGlobalSection
	GlobalSection(ProjectConfigurationPlatforms) = postSolution
		{0F3A896C-86A4-4F68-BB48-7EC7E6EF0492}.Debug|Any CPU.ActiveCfg = Debug|Any CPU
		{0F3A896C-86A4-4F68-BB48-7EC7E6EF0492}.Debug|Any CPU.Build.0 = Debug|Any CPU
		{0F3A896C-86A4-4F68-BB48-7EC7E6EF0492}.Release|Any CPU.ActiveCfg = Release|Any CPU
		{0F3A896C-86A4-4F68-BB48-7EC7E6EF0492}.Release|Any CPU.Build.0 = Release|Any CPU
		{B13A4363-BFA6-4009-9C71-86BE5C275E5B}.Debug|Any CPU.ActiveCfg = Debug|Any CPU
		{B13A4363-BFA6-4009-9C71-86BE5C275E5B}.Debug|Any CPU.Build.0 = Debug|Any CPU
		{B13A4363-BFA6-4009-9C71-86BE5C275E5B}.Release|Any CPU.ActiveCfg = Release|Any CPU
		{B13A4363-BFA6-4009-9C71-86BE5C275E5B}.Release|Any CPU.Build.0 = Release|Any CPU
		{B466EEFD-0B36-41E9-88FF-A8AF5CA5A178}.Debug|Any CPU.ActiveCfg = Debug|Any CPU
		{B466EEFD-0B36-41E9-88FF-A8AF5CA5A178}.Debug|Any CPU.Build.0 = Debug|Any CPU
		{B466EEFD-0B36-41E9-88FF-A8AF5CA5A178}.Release|Any CPU.ActiveCfg = Release|Any CPU
		{B466EEFD-0B36-41E9-88FF-A8AF5CA5A178}.Release|Any CPU.Build.0 = Release|Any CPU
		{D5A9A48C-A0C7-4CEB-95B2-01BBC3F29089}.Debug|Any CPU.ActiveCfg = Debug|Any CPU
		{D5A9A48C-A0C7-4CEB-95B2-01BBC3F29089}.Debug|Any CPU.Build.0 = Debug|Any CPU
		{D5A9A48C-A0C7-4CEB-95B2-01BBC3F29089}.Release|Any CPU.ActiveCfg = Release|Any CPU
		{D5A9A48C-A0C7-4CEB-95B2-01BBC3F29089}.Release|Any CPU.Build.0 = Release|Any CPU
		{7F0A7DAF-BDE9-453B-B6D5-512C060BB0F5}.Debug|Any CPU.ActiveCfg = Debug|Any CPU
		{7F0A7DAF-BDE9-453B-B6D5-512C060BB0F5}.Debug|Any CPU.Build.0 = Debug|Any CPU
		{7F0A7DAF-BDE9-453B-B6D5-512C060BB0F5}.Release|Any CPU.ActiveCfg = Release|Any CPU
		{7F0A7DAF-BDE9-453B-B6D5-512C060BB0F5}.Release|Any CPU.Build.0 = Release|Any CPU
	EndGlobalSection
	GlobalSection(NestedProjects) = preSolution
		{0F3A896C-86A4-4F68-BB48-7EC7E6EF0492} = {4EFCADA3-3CFC-4378-AE6C-0D0B09D7F9CD}
		{B13A4363-BFA6-4009-9C71-86BE5C275E5B} = {D00A9F26-7D20-40A6-8463-A68309B38FEA}
		{B466EEFD-0B36-41E9-88FF-A8AF5CA5A178} = {4EFCADA3-3CFC-4378-AE6C-0D0B09D7F9CD}
		{D5A9A48C-A0C7-4CEB-95B2-01BBC3F29089} = {4EFCADA3-3CFC-4378-AE6C-0D0B09D7F9CD}
		{7F0A7DAF-BDE9-453B-B6D5-512C060BB0F5} = {4EFCADA3-3CFC-4378-AE6C-0D0B09D7F9CD}
	EndGlobalSection
EndGlobal
